# This file is automatically generated.
# It is not intended for manual editing.
version = 1

[[packages]]
name = "colinrozzi:genai-types"
registry = "wa.dev"

[[packages.versions]]
requirement = "*"
version = "0.0.1"
digest = "sha256:20f693e5b6e356d83465ef173c242767047eaab4385e8db0918c977219472863"

[[packages]]
name = "theater:simple"
registry = "wa.dev"

[[packages.versions]]
requirement = "*"
version = "0.1.1"
digest = "sha256:503bead07ec574cfee9bad508f3ca8231263faa56718c37106a2732003837cbd"
