# This file is automatically generated.
# It is not intended for manual editing.
version = 1

[[packages]]
name = "colinrozzi:genai-types"
registry = "wa.dev"

[[packages.versions]]
requirement = "^0.0.6"
version = "0.0.6"
digest = "sha256:bd2f842847da2ddc73213ba98e126be16ffe34f75d6f7a633fe8371c7e77d11f"

[[packages]]
name = "theater:simple"
registry = "wa.dev"

[[packages.versions]]
requirement = "*"
version = "0.1.1"
digest = "sha256:503bead07ec574cfee9bad508f3ca8231263faa56718c37106a2732003837cbd"
